{
  "name": "task4",
  "version": "1.0.0",
  "lockfileVersion": 3,
  "requires": true,
  "packages": {
    "": {
      "name": "task4",
      "version": "1.0.0",
      "license": "ISC",
      "dependencies": {
        "password-generate": "^1.1.1"
      }
    },
    "node_modules/password-generate": {
      "version": "1.1.1",
      "resolved": "https://registry.npmjs.org/password-generate/-/password-generate-1.1.1.tgz",
      "integrity": "sha512-1VpnpaK/+y5fu4+nZqTRvWNUzwi5zkRDgXnIhA0coA085IzbHUmfgxCrtxX2CZ5iHevdpNJ2KHdCVkomQ9QmSg=="
    }
  }
}
